// !$*UTF8*$!
{
	archiveVersion = 1;
	classes = {
	};
	objectVersion = 50;
	objects = {

/* Begin PBXBuildFile section */
		6E35A71823954A340066DD0F /* AppDelegate.swift in Sources */ = {isa = PBXBuildFile; fileRef = 6E35A71723954A340066DD0F /* AppDelegate.swift */; };
		6E35A71A23954A340066DD0F /* SceneDelegate.swift in Sources */ = {isa = PBXBuildFile; fileRef = 6E35A71923954A340066DD0F /* SceneDelegate.swift */; };
		6E35A71C23954A340066DD0F /* ViewController.swift in Sources */ = {isa = PBXBuildFile; fileRef = 6E35A71B23954A340066DD0F /* ViewController.swift */; };
		6E35A71F23954A340066DD0F /* Main.storyboard in Resources */ = {isa = PBXBuildFile; fileRef = 6E35A71D23954A340066DD0F /* Main.storyboard */; };
		6E35A72123954A360066DD0F /* Assets.xcassets in Resources */ = {isa = PBXBuildFile; fileRef = 6E35A72023954A360066DD0F /* Assets.xcassets */; };
		6E35A72423954A360066DD0F /* LaunchScreen.storyboard in Resources */ = {isa = PBXBuildFile; fileRef = 6E35A72223954A360066DD0F /* LaunchScreen.storyboard */; };
		6E35A72F23954A370066DD0F /* Project5Tests.swift in Sources */ = {isa = PBXBuildFile; fileRef = 6E35A72E23954A370066DD0F /* Project5Tests.swift */; };
		6E35A73A23954A370066DD0F /* Project5UITests.swift in Sources */ = {isa = PBXBuildFile; fileRef = 6E35A73923954A370066DD0F /* Project5UITests.swift */; };
/* End PBXBuildFile section */

/* Begin PBXContainerItemProxy section */
		6E35A72B23954A370066DD0F /* PBXContainerItemProxy */ = {
			isa = PBXContainerItemProxy;
			containerPortal = 6E35A70C23954A340066DD0F /* Project object */;
			proxyType = 1;
			remoteGlobalIDString = 6E35A71323954A340066DD0F;
			remoteInfo = Project5;
		};
		6E35A73623954A370066DD0F /* PBXContainerItemProxy */ = {
			isa = PBXContainerItemProxy;
			containerPortal = 6E35A70C23954A340066DD0F /* Project object */;
			proxyType = 1;
			remoteGlobalIDString = 6E35A71323954A340066DD0F;
			remoteInfo = Project5;
		};
/* End PBXContainerItemProxy section */

/* Begin PBXFileReference section */
		6E35A71423954A340066DD0F /* Project5.app */ = {isa = PBXFileReference; explicitFileType = wrapper.application; includeInIndex = 0; path = Project5.app; sourceTree = BUILT_PRODUCTS_DIR; };
		6E35A71723954A340066DD0F /* AppDelegate.swift */ = {isa = PBXFileReference; lastKnownFileType = sourcecode.swift; path = AppDelegate.swift; sourceTree = "<group>"; };
		6E35A71923954A340066DD0F /* SceneDelegate.swift */ = {isa = PBXFileReference; lastKnownFileType = sourcecode.swift; path = SceneDelegate.swift; sourceTree = "<group>"; };
		6E35A71B23954A340066DD0F /* ViewController.swift */ = {isa = PBXFileReference; lastKnownFileType = sourcecode.swift; path = ViewController.swift; sourceTree = "<group>"; };
		6E35A71E23954A340066DD0F /* Base */ = {isa = PBXFileReference; lastKnownFileType = file.storyboard; name = Base; path = Base.lproj/Main.storyboard; sourceTree = "<group>"; };
		6E35A72023954A360066DD0F /* Assets.xcassets */ = {isa = PBXFileReference; lastKnownFileType = folder.assetcatalog; path = Assets.xcassets; sourceTree = "<group>"; };
		6E35A72323954A360066DD0F /* Base */ = {isa = PBXFileReference; lastKnownFileType = file.storyboard; name = Base; path = Base.lproj/LaunchScreen.storyboard; sourceTree = "<group>"; };
		6E35A72523954A370066DD0F /* Info.plist */ = {isa = PBXFileReference; lastKnownFileType = text.plist.xml; path = Info.plist; sourceTree = "<group>"; };
		6E35A72A23954A370066DD0F /* Project5Tests.xctest */ = {isa = PBXFileReference; explicitFileType = wrapper.cfbundle; includeInIndex = 0; path = Project5Tests.xctest; sourceTree = BUILT_PRODUCTS_DIR; };
		6E35A72E23954A370066DD0F /* Project5Tests.swift */ = {isa = PBXFileReference; lastKnownFileType = sourcecode.swift; path = Project5Tests.swift; sourceTree = "<group>"; };
		6E35A73023954A370066DD0F /* Info.plist */ = {isa = PBXFileReference; lastKnownFileType = text.plist.xml; path = Info.plist; sourceTree = "<group>"; };
		6E35A73523954A370066DD0F /* Project5UITests.xctest */ = {isa = PBXFileReference; explicitFileType = wrapper.cfbundle; includeInIndex = 0; path = Project5UITests.xctest; sourceTree = BUILT_PRODUCTS_DIR; };
		6E35A73923954A370066DD0F /* Project5UITests.swift */ = {isa = PBXFileReference; lastKnownFileType = sourcecode.swift; path = Project5UITests.swift; sourceTree = "<group>"; };
		6E35A73B23954A370066DD0F /* Info.plist */ = {isa = PBXFileReference; lastKnownFileType = text.plist.xml; path = Info.plist; sourceTree = "<group>"; };
/* End PBXFileReference section */

/* Begin PBXFrameworksBuildPhase section */
		6E35A71123954A340066DD0F /* Frameworks */ = {
			isa = PBXFrameworksBuildPhase;
			buildActionMask = 2147483647;
			files = (
			);
			runOnlyForDeploymentPostprocessing = 0;
		};
		6E35A72723954A370066DD0F /* Frameworks */ = {
			isa = PBXFrameworksBuildPhase;
			buildActionMask = 2147483647;
			files = (
			);
			runOnlyForDeploymentPostprocessing = 0;
		};
		6E35A73223954A370066DD0F /* Frameworks */ = {
			isa = PBXFrameworksBuildPhase;
			buildActionMask = 2147483647;
			files = (
			);
			runOnlyForDeploymentPostprocessing = 0;
		};
/* End PBXFrameworksBuildPhase section */

/* Begin PBXGroup section */
		6E35A70B23954A340066DD0F = {
			isa = PBXGroup;
			children = (
				6E35A71623954A340066DD0F /* Project5 */,
				6E35A72D23954A370066DD0F /* Project5Tests */,
				6E35A73823954A370066DD0F /* Project5UITests */,
				6E35A71523954A340066DD0F /* Products */,
			);
			sourceTree = "<group>";
		};
		6E35A71523954A340066DD0F /* Products */ = {
			isa = PBXGroup;
			children = (
				6E35A71423954A340066DD0F /* Project5.app */,
				6E35A72A23954A370066DD0F /* Project5Tests.xctest */,
				6E35A73523954A370066DD0F /* Project5UITests.xctest */,
			);
			name = Products;
			sourceTree = "<group>";
		};
		6E35A71623954A340066DD0F /* Project5 */ = {
			isa = PBXGroup;
			children = (
				6E35A71723954A340066DD0F /* AppDelegate.swift */,
				6E35A71923954A340066DD0F /* SceneDelegate.swift */,
				6E35A71B23954A340066DD0F /* ViewController.swift */,
				6E35A71D23954A340066DD0F /* Main.storyboard */,
				6E35A72023954A360066DD0F /* Assets.xcassets */,
				6E35A72223954A360066DD0F /* LaunchScreen.storyboard */,
				6E35A72523954A370066DD0F /* Info.plist */,
			);
			path = Project5;
			sourceTree = "<group>";
		};
		6E35A72D23954A370066DD0F /* Project5Tests */ = {
			isa = PBXGroup;
			children = (
				6E35A72E23954A370066DD0F /* Project5Tests.swift */,
				6E35A73023954A370066DD0F /* Info.plist */,
			);
			path = Project5Tests;
			sourceTree = "<group>";
		};
		6E35A73823954A370066DD0F /* Project5UITests */ = {
			isa = PBXGroup;
			children = (
				6E35A73923954A370066DD0F /* Project5UITests.swift */,
				6E35A73B23954A370066DD0F /* Info.plist */,
			);
			path = Project5UITests;
			sourceTree = "<group>";
		};
/* End PBXGroup section */

/* Begin PBXNativeTarget section */
		6E35A71323954A340066DD0F /* Project5 */ = {
			isa = PBXNativeTarget;
			buildConfigurationList = 6E35A73E23954A370066DD0F /* Build configuration list for PBXNativeTarget "Project5" */;
			buildPhases = (
				6E35A71023954A340066DD0F /* Sources */,
				6E35A71123954A340066DD0F /* Frameworks */,
				6E35A71223954A340066DD0F /* Resources */,
			);
			buildRules = (
			);
			dependencies = (
			);
			name = Project5;
			productName = Project5;
			productReference = 6E35A71423954A340066DD0F /* Project5.app */;
			productType = "com.apple.product-type.application";
		};
		6E35A72923954A370066DD0F /* Project5Tests */ = {
			isa = PBXNativeTarget;
			buildConfigurationList = 6E35A74123954A370066DD0F /* Build configuration list for PBXNativeTarget "Project5Tests" */;
			buildPhases = (
				6E35A72623954A370066DD0F /* Sources */,
				6E35A72723954A370066DD0F /* Frameworks */,
				6E35A72823954A370066DD0F /* Resources */,
			);
			buildRules = (
			);
			dependencies = (
				6E35A72C23954A370066DD0F /* PBXTargetDependency */,
			);
			name = Project5Tests;
			productName = Project5Tests;
			productReference = 6E35A72A23954A370066DD0F /* Project5Tests.xctest */;
			productType = "com.apple.product-type.bundle.unit-test";
		};
		6E35A73423954A370066DD0F /* Project5UITests */ = {
			isa = PBXNativeTarget;
			buildConfigurationList = 6E35A74423954A370066DD0F /* Build configuration list for PBXNativeTarget "Project5UITests" */;
			buildPhases = (
				6E35A73123954A370066DD0F /* Sources */,
				6E35A73223954A370066DD0F /* Frameworks */,
				6E35A73323954A370066DD0F /* Resources */,
			);
			buildRules = (
			);
			dependencies = (
				6E35A73723954A370066DD0F /* PBXTargetDependency */,
			);
			name = Project5UITests;
			productName = Project5UITests;
			productReference = 6E35A73523954A370066DD0F /* Project5UITests.xctest */;
			productType = "com.apple.product-type.bundle.ui-testing";
		};
/* End PBXNativeTarget section */

/* Begin PBXProject section */
		6E35A70C23954A340066DD0F /* Project object */ = {
			isa = PBXProject;
			attributes = {
				LastSwiftUpdateCheck = 1120;
				LastUpgradeCheck = 1120;
				ORGANIZATIONNAME = "Mark LEDOUX ";
				TargetAttributes = {
					6E35A71323954A340066DD0F = {
						CreatedOnToolsVersion = 11.2.1;
					};
					6E35A72923954A370066DD0F = {
						CreatedOnToolsVersion = 11.2.1;
						TestTargetID = 6E35A71323954A340066DD0F;
					};
					6E35A73423954A370066DD0F = {
						CreatedOnToolsVersion = 11.2.1;
						TestTargetID = 6E35A71323954A340066DD0F;
					};
				};
			};
			buildConfigurationList = 6E35A70F23954A340066DD0F /* Build configuration list for PBXProject "Project5" */;
			compatibilityVersion = "Xcode 9.3";
			developmentRegion = en;
			hasScannedForEncodings = 0;
			knownRegions = (
				en,
				Base,
			);
			mainGroup = 6E35A70B23954A340066DD0F;
			productRefGroup = 6E35A71523954A340066DD0F /* Products */;
			projectDirPath = "";
			projectRoot = "";
			targets = (
				6E35A71323954A340066DD0F /* Project5 */,
				6E35A72923954A370066DD0F /* Project5Tests */,
				6E35A73423954A370066DD0F /* Project5UITests */,
			);
		};
/* End PBXProject section */

/* Begin PBXResourcesBuildPhase section */
		6E35A71223954A340066DD0F /* Resources */ = {
			isa = PBXResourcesBuildPhase;
			buildActionMask = 2147483647;
			files = (
				6E35A72423954A360066DD0F /* LaunchScreen.storyboard in Resources */,
				6E35A72123954A360066DD0F /* Assets.xcassets in Resources */,
				6E35A71F23954A340066DD0F /* Main.storyboard in Resources */,
			);
			runOnlyForDeploymentPostprocessing = 0;
		};
		6E35A72823954A370066DD0F /* Resources */ = {
			isa = PBXResourcesBuildPhase;
			buildActionMask = 2147483647;
			files = (
			);
			runOnlyForDeploymentPostprocessing = 0;
		};
		6E35A73323954A370066DD0F /* Resources */ = {
			isa = PBXResourcesBuildPhase;
			buildActionMask = 2147483647;
			files = (
			);
			runOnlyForDeploymentPostprocessing = 0;
		};
/* End PBXResourcesBuildPhase section */

/* Begin PBXSourcesBuildPhase section */
		6E35A71023954A340066DD0F /* Sources */ = {
			isa = PBXSourcesBuildPhase;
			buildActionMask = 2147483647;
			files = (
				6E35A71C23954A340066DD0F /* ViewController.swift in Sources */,
				6E35A71823954A340066DD0F /* AppDelegate.swift in Sources */,
				6E35A71A23954A340066DD0F /* SceneDelegate.swift in Sources */,
			);
			runOnlyForDeploymentPostprocessing = 0;
		};
		6E35A72623954A370066DD0F /* Sources */ = {
			isa = PBXSourcesBuildPhase;
			buildActionMask = 2147483647;
			files = (
				6E35A72F23954A370066DD0F /* Project5Tests.swift in Sources */,
			);
			runOnlyForDeploymentPostprocessing = 0;
		};
		6E35A73123954A370066DD0F /* Sources */ = {
			isa = PBXSourcesBuildPhase;
			buildActionMask = 2147483647;
			files = (
				6E35A73A23954A370066DD0F /* Project5UITests.swift in Sources */,
			);
			runOnlyForDeploymentPostprocessing = 0;
		};
/* End PBXSourcesBuildPhase section */

/* Begin PBXTargetDependency section */
		6E35A72C23954A370066DD0F /* PBXTargetDependency */ = {
			isa = PBXTargetDependency;
			target = 6E35A71323954A340066DD0F /* Project5 */;
			targetProxy = 6E35A72B23954A370066DD0F /* PBXContainerItemProxy */;
		};
		6E35A73723954A370066DD0F /* PBXTargetDependency */ = {
			isa = PBXTargetDependency;
			target = 6E35A71323954A340066DD0F /* Project5 */;
			targetProxy = 6E35A73623954A370066DD0F /* PBXContainerItemProxy */;
		};
/* End PBXTargetDependency section */

/* Begin PBXVariantGroup section */
		6E35A71D23954A340066DD0F /* Main.storyboard */ = {
			isa = PBXVariantGroup;
			children = (
				6E35A71E23954A340066DD0F /* Base */,
			);
			name = Main.storyboard;
			sourceTree = "<group>";
		};
		6E35A72223954A360066DD0F /* LaunchScreen.storyboard */ = {
			isa = PBXVariantGroup;
			children = (
				6E35A72323954A360066DD0F /* Base */,
			);
			name = LaunchScreen.storyboard;
			sourceTree = "<group>";
		};
/* End PBXVariantGroup section */

/* Begin XCBuildConfiguration section */
		6E35A73C23954A370066DD0F /* Debug */ = {
			isa = XCBuildConfiguration;
			buildSettings = {
				ALWAYS_SEARCH_USER_PATHS = NO;
				CLANG_ANALYZER_NONNULL = YES;
				CLANG_ANALYZER_NUMBER_OBJECT_CONVERSION = YES_AGGRESSIVE;
				CLANG_CXX_LANGUAGE_STANDARD = "gnu++14";
				CLANG_CXX_LIBRARY = "libc++";
				CLANG_ENABLE_MODULES = YES;
				CLANG_ENABLE_OBJC_ARC = YES;
				CLANG_ENABLE_OBJC_WEAK = YES;
				CLANG_WARN_BLOCK_CAPTURE_AUTORELEASING = YES;
				CLANG_WARN_BOOL_CONVERSION = YES;
				CLANG_WARN_COMMA = YES;
				CLANG_WARN_CONSTANT_CONVERSION = YES;
				CLANG_WARN_DEPRECATED_OBJC_IMPLEMENTATIONS = YES;
				CLANG_WARN_DIRECT_OBJC_ISA_USAGE = YES_ERROR;
				CLANG_WARN_DOCUMENTATION_COMMENTS = YES;
				CLANG_WARN_EMPTY_BODY = YES;
				CLANG_WARN_ENUM_CONVERSION = YES;
				CLANG_WARN_INFINITE_RECURSION = YES;
				CLANG_WARN_INT_CONVERSION = YES;
				CLANG_WARN_NON_LITERAL_NULL_CONVERSION = YES;
				CLANG_WARN_OBJC_IMPLICIT_RETAIN_SELF = YES;
				CLANG_WARN_OBJC_LITERAL_CONVERSION = YES;
				CLANG_WARN_OBJC_ROOT_CLASS = YES_ERROR;
				CLANG_WARN_RANGE_LOOP_ANALYSIS = YES;
				CLANG_WARN_STRICT_PROTOTYPES = YES;
				CLANG_WARN_SUSPICIOUS_MOVE = YES;
				CLANG_WARN_UNGUARDED_AVAILABILITY = YES_AGGRESSIVE;
				CLANG_WARN_UNREACHABLE_CODE = YES;
				CLANG_WARN__DUPLICATE_METHOD_MATCH = YES;
				COPY_PHASE_STRIP = NO;
				DEBUG_INFORMATION_FORMAT = dwarf;
				ENABLE_STRICT_OBJC_MSGSEND = YES;
				ENABLE_TESTABILITY = YES;
				GCC_C_LANGUAGE_STANDARD = gnu11;
				GCC_DYNAMIC_NO_PIC = NO;
				GCC_NO_COMMON_BLOCKS = YES;
				GCC_OPTIMIZATION_LEVEL = 0;
				GCC_PREPROCESSOR_DEFINITIONS = (
					"DEBUG=1",
					"$(inherited)",
				);
				GCC_WARN_64_TO_32_BIT_CONVERSION = YES;
				GCC_WARN_ABOUT_RETURN_TYPE = YES_ERROR;
				GCC_WARN_UNDECLARED_SELECTOR = YES;
				GCC_WARN_UNINITIALIZED_AUTOS = YES_AGGRESSIVE;
				GCC_WARN_UNUSED_FUNCTION = YES;
				GCC_WARN_UNUSED_VARIABLE = YES;
				IPHONEOS_DEPLOYMENT_TARGET = 13.2;
				MTL_ENABLE_DEBUG_INFO = INCLUDE_SOURCE;
				MTL_FAST_MATH = YES;
				ONLY_ACTIVE_ARCH = YES;
				SDKROOT = iphoneos;
				SWIFT_ACTIVE_COMPILATION_CONDITIONS = DEBUG;
				SWIFT_OPTIMIZATION_LEVEL = "-Onone";
			};
			name = Debug;
		};
		6E35A73D23954A370066DD0F /* Release */ = {
			isa = XCBuildConfiguration;
			buildSettings = {
				ALWAYS_SEARCH_USER_PATHS = NO;
				CLANG_ANALYZER_NONNULL = YES;
				CLANG_ANALYZER_NUMBER_OBJECT_CONVERSION = YES_AGGRESSIVE;
				CLANG_CXX_LANGUAGE_STANDARD = "gnu++14";
				CLANG_CXX_LIBRARY = "libc++";
				CLANG_ENABLE_MODULES = YES;
				CLANG_ENABLE_OBJC_ARC = YES;
				CLANG_ENABLE_OBJC_WEAK = YES;
				CLANG_WARN_BLOCK_CAPTURE_AUTORELEASING = YES;
				CLANG_WARN_BOOL_CONVERSION = YES;
				CLANG_WARN_COMMA = YES;
				CLANG_WARN_CONSTANT_CONVERSION = YES;
				CLANG_WARN_DEPRECATED_OBJC_IMPLEMENTATIONS = YES;
				CLANG_WARN_DIRECT_OBJC_ISA_USAGE = YES_ERROR;
				CLANG_WARN_DOCUMENTATION_COMMENTS = YES;
				CLANG_WARN_EMPTY_BODY = YES;
				CLANG_WARN_ENUM_CONVERSION = YES;
				CLANG_WARN_INFINITE_RECURSION = YES;
				CLANG_WARN_INT_CONVERSION = YES;
				CLANG_WARN_NON_LITERAL_NULL_CONVERSION = YES;
				CLANG_WARN_OBJC_IMPLICIT_RETAIN_SELF = YES;
				CLANG_WARN_OBJC_LITERAL_CONVERSION = YES;
				CLANG_WARN_OBJC_ROOT_CLASS = YES_ERROR;
				CLANG_WARN_RANGE_LOOP_ANALYSIS = YES;
				CLANG_WARN_STRICT_PROTOTYPES = YES;
				CLANG_WARN_SUSPICIOUS_MOVE = YES;
				CLANG_WARN_UNGUARDED_AVAILABILITY = YES_AGGRESSIVE;
				CLANG_WARN_UNREACHABLE_CODE = YES;
				CLANG_WARN__DUPLICATE_METHOD_MATCH = YES;
				COPY_PHASE_STRIP = NO;
				DEBUG_INFORMATION_FORMAT = "dwarf-with-dsym";
				ENABLE_NS_ASSERTIONS = NO;
				ENABLE_STRICT_OBJC_MSGSEND = YES;
				GCC_C_LANGUAGE_STANDARD = gnu11;
				GCC_NO_COMMON_BLOCKS = YES;
				GCC_WARN_64_TO_32_BIT_CONVERSION = YES;
				GCC_WARN_ABOUT_RETURN_TYPE = YES_ERROR;
				GCC_WARN_UNDECLARED_SELECTOR = YES;
				GCC_WARN_UNINITIALIZED_AUTOS = YES_AGGRESSIVE;
				GCC_WARN_UNUSED_FUNCTION = YES;
				GCC_WARN_UNUSED_VARIABLE = YES;
				IPHONEOS_DEPLOYMENT_TARGET = 13.2;
				MTL_ENABLE_DEBUG_INFO = NO;
				MTL_FAST_MATH = YES;
				SDKROOT = iphoneos;
				SWIFT_COMPILATION_MODE = wholemodule;
				SWIFT_OPTIMIZATION_LEVEL = "-O";
				VALIDATE_PRODUCT = YES;
			};
			name = Release;
		};
		6E35A73F23954A370066DD0F /* Debug */ = {
			isa = XCBuildConfiguration;
			buildSettings = {
				ASSETCATALOG_COMPILER_APPICON_NAME = AppIcon;
				CODE_SIGN_STYLE = Automatic;
				DEVELOPMENT_TEAM = L6369QJ9JH;
				INFOPLIST_FILE = Project5/Info.plist;
				LD_RUNPATH_SEARCH_PATHS = (
					"$(inherited)",
					"@executable_path/Frameworks",
				);
				PRODUCT_BUNDLE_IDENTIFIER = com.vinceled.Project5;
				PRODUCT_NAME = "$(TARGET_NAME)";
				SWIFT_VERSION = 5.0;
				TARGETED_DEVICE_FAMILY = "1,2";
			};
			name = Debug;
		};
		6E35A74023954A370066DD0F /* Release */ = {
			isa = XCBuildConfiguration;
			buildSettings = {
				ASSETCATALOG_COMPILER_APPICON_NAME = AppIcon;
				CODE_SIGN_STYLE = Automatic;
				DEVELOPMENT_TEAM = L6369QJ9JH;
				INFOPLIST_FILE = Project5/Info.plist;
				LD_RUNPATH_SEARCH_PATHS = (
					"$(inherited)",
					"@executable_path/Frameworks",
				);
				PRODUCT_BUNDLE_IDENTIFIER = com.vinceled.Project5;
				PRODUCT_NAME = "$(TARGET_NAME)";
				SWIFT_VERSION = 5.0;
				TARGETED_DEVICE_FAMILY = "1,2";
			};
			name = Release;
		};
		6E35A74223954A370066DD0F /* Debug */ = {
			isa = XCBuildConfiguration;
			buildSettings = {
				ALWAYS_EMBED_SWIFT_STANDARD_LIBRARIES = YES;
				BUNDLE_LOADER = "$(TEST_HOST)";
				CODE_SIGN_STYLE = Automatic;
				DEVELOPMENT_TEAM = L6369QJ9JH;
				INFOPLIST_FILE = Project5Tests/Info.plist;
				IPHONEOS_DEPLOYMENT_TARGET = 13.2;
				LD_RUNPATH_SEARCH_PATHS = (
					"$(inherited)",
					"@executable_path/Frameworks",
					"@loader_path/Frameworks",
				);
				PRODUCT_BUNDLE_IDENTIFIER = com.vinceled.Project5Tests;
				PRODUCT_NAME = "$(TARGET_NAME)";
				SWIFT_VERSION = 5.0;
				TARGETED_DEVICE_FAMILY = "1,2";
				TEST_HOST = "$(BUILT_PRODUCTS_DIR)/Project5.app/Project5";
			};
			name = Debug;
		};
		6E35A74323954A370066DD0F /* Release */ = {
			isa = XCBuildConfiguration;
			buildSettings = {
				ALWAYS_EMBED_SWIFT_STANDARD_LIBRARIES = YES;
				BUNDLE_LOADER = "$(TEST_HOST)";
				CODE_SIGN_STYLE = Automatic;
				DEVELOPMENT_TEAM = L6369QJ9JH;
				INFOPLIST_FILE = Project5Tests/Info.plist;
				IPHONEOS_DEPLOYMENT_TARGET = 13.2;
				LD_RUNPATH_SEARCH_PATHS = (
					"$(inherited)",
					"@executable_path/Frameworks",
					"@loader_path/Frameworks",
				);
				PRODUCT_BUNDLE_IDENTIFIER = com.vinceled.Project5Tests;
				PRODUCT_NAME = "$(TARGET_NAME)";
				SWIFT_VERSION = 5.0;
				TARGETED_DEVICE_FAMILY = "1,2";
				TEST_HOST = "$(BUILT_PRODUCTS_DIR)/Project5.app/Project5";
			};
			name = Release;
		};
		6E35A74523954A370066DD0F /* Debug */ = {
			isa = XCBuildConfiguration;
			buildSettings = {
				ALWAYS_EMBED_SWIFT_STANDARD_LIBRARIES = YES;
				CODE_SIGN_STYLE = Automatic;
				DEVELOPMENT_TEAM = L6369QJ9JH;
				INFOPLIST_FILE = Project5UITests/Info.plist;
				LD_RUNPATH_SEARCH_PATHS = (
					"$(inherited)",
					"@executable_path/Frameworks",
					"@loader_path/Frameworks",
				);
				PRODUCT_BUNDLE_IDENTIFIER = com.vinceled.Project5UITests;
				PRODUCT_NAME = "$(TARGET_NAME)";
				SWIFT_VERSION = 5.0;
				TARGETED_DEVICE_FAMILY = "1,2";
				TEST_TARGET_NAME = Project5;
			};
			name = Debug;
		};
		6E35A74623954A370066DD0F /* Release */ = {
			isa = XCBuildConfiguration;
			buildSettings = {
				ALWAYS_EMBED_SWIFT_STANDARD_LIBRARIES = YES;
				CODE_SIGN_STYLE = Automatic;
				DEVELOPMENT_TEAM = L6369QJ9JH;
				INFOPLIST_FILE = Project5UITests/Info.plist;
				LD_RUNPATH_SEARCH_PATHS = (
					"$(inherited)",
					"@executable_path/Frameworks",
					"@loader_path/Frameworks",
				);
				PRODUCT_BUNDLE_IDENTIFIER = com.vinceled.Project5UITests;
				PRODUCT_NAME = "$(TARGET_NAME)";
				SWIFT_VERSION = 5.0;
				TARGETED_DEVICE_FAMILY = "1,2";
				TEST_TARGET_NAME = Project5;
			};
			name = Release;
		};
/* End XCBuildConfiguration section */

/* Begin XCConfigurationList section */
		6E35A70F23954A340066DD0F /* Build configuration list for PBXProject "Project5" */ = {
			isa = XCConfigurationList;
			buildConfigurations = (
				6E35A73C23954A370066DD0F /* Debug */,
				6E35A73D23954A370066DD0F /* Release */,
			);
			defaultConfigurationIsVisible = 0;
			defaultConfigurationName = Release;
		};
		6E35A73E23954A370066DD0F /* Build configuration list for PBXNativeTarget "Project5" */ = {
			isa = XCConfigurationList;
			buildConfigurations = (
				6E35A73F23954A370066DD0F /* Debug */,
				6E35A74023954A370066DD0F /* Release */,
			);
			defaultConfigurationIsVisible = 0;
			defaultConfigurationName = Release;
		};
		6E35A74123954A370066DD0F /* Build configuration list for PBXNativeTarget "Project5Tests" */ = {
			isa = XCConfigurationList;
			buildConfigurations = (
				6E35A74223954A370066DD0F /* Debug */,
				6E35A74323954A370066DD0F /* Release */,
			);
			defaultConfigurationIsVisible = 0;
			defaultConfigurationName = Release;
		};
		6E35A74423954A370066DD0F /* Build configuration list for PBXNativeTarget "Project5UITests" */ = {
			isa = XCConfigurationList;
			buildConfigurations = (
				6E35A74523954A370066DD0F /* Debug */,
				6E35A74623954A370066DD0F /* Release */,
			);
			defaultConfigurationIsVisible = 0;
			defaultConfigurationName = Release;
		};
/* End XCConfigurationList section */
	};
	rootObject = 6E35A70C23954A340066DD0F /* Project object */;
}
