// !$*UTF8*$!
{
	archiveVersion = 1;
	classes = {
	};
	objectVersion = 50;
	objects = {

/* Begin PBXBuildFile section */
		6EC5908723F7FADC0085F78B /* AppDelegate.swift in Sources */ = {isa = PBXBuildFile; fileRef = 6EC5908623F7FADC0085F78B /* AppDelegate.swift */; };
		6EC5908923F7FADC0085F78B /* GameScene.sks in Resources */ = {isa = PBXBuildFile; fileRef = 6EC5908823F7FADC0085F78B /* GameScene.sks */; };
		6EC5908D23F7FADC0085F78B /* GameScene.swift in Sources */ = {isa = PBXBuildFile; fileRef = 6EC5908C23F7FADC0085F78B /* GameScene.swift */; };
		6EC5908F23F7FADC0085F78B /* GameViewController.swift in Sources */ = {isa = PBXBuildFile; fileRef = 6EC5908E23F7FADC0085F78B /* GameViewController.swift */; };
		6EC5909223F7FADC0085F78B /* Main.storyboard in Resources */ = {isa = PBXBuildFile; fileRef = 6EC5909023F7FADC0085F78B /* Main.storyboard */; };
		6EC5909423F7FADD0085F78B /* Assets.xcassets in Resources */ = {isa = PBXBuildFile; fileRef = 6EC5909323F7FADD0085F78B /* Assets.xcassets */; };
		6EC5909723F7FADD0085F78B /* LaunchScreen.storyboard in Resources */ = {isa = PBXBuildFile; fileRef = 6EC5909523F7FADD0085F78B /* LaunchScreen.storyboard */; };
		6EC590A023F7FB170085F78B /* explode.sks in Resources */ = {isa = PBXBuildFile; fileRef = 6EC5909E23F7FB170085F78B /* explode.sks */; };
		6EC590A123F7FB170085F78B /* fuse.sks in Resources */ = {isa = PBXBuildFile; fileRef = 6EC5909F23F7FB170085F78B /* fuse.sks */; };
/* End PBXBuildFile section */

/* Begin PBXFileReference section */
		6EC5908323F7FADC0085F78B /* Project 20.app */ = {isa = PBXFileReference; explicitFileType = wrapper.application; includeInIndex = 0; path = "Project 20.app"; sourceTree = BUILT_PRODUCTS_DIR; };
		6EC5908623F7FADC0085F78B /* AppDelegate.swift */ = {isa = PBXFileReference; lastKnownFileType = sourcecode.swift; path = AppDelegate.swift; sourceTree = "<group>"; };
		6EC5908823F7FADC0085F78B /* GameScene.sks */ = {isa = PBXFileReference; lastKnownFileType = file.sks; path = GameScene.sks; sourceTree = "<group>"; };
		6EC5908C23F7FADC0085F78B /* GameScene.swift */ = {isa = PBXFileReference; lastKnownFileType = sourcecode.swift; path = GameScene.swift; sourceTree = "<group>"; };
		6EC5908E23F7FADC0085F78B /* GameViewController.swift */ = {isa = PBXFileReference; lastKnownFileType = sourcecode.swift; path = GameViewController.swift; sourceTree = "<group>"; };
		6EC5909123F7FADC0085F78B /* Base */ = {isa = PBXFileReference; lastKnownFileType = file.storyboard; name = Base; path = Base.lproj/Main.storyboard; sourceTree = "<group>"; };
		6EC5909323F7FADD0085F78B /* Assets.xcassets */ = {isa = PBXFileReference; lastKnownFileType = folder.assetcatalog; path = Assets.xcassets; sourceTree = "<group>"; };
		6EC5909623F7FADD0085F78B /* Base */ = {isa = PBXFileReference; lastKnownFileType = file.storyboard; name = Base; path = Base.lproj/LaunchScreen.storyboard; sourceTree = "<group>"; };
		6EC5909823F7FADD0085F78B /* Info.plist */ = {isa = PBXFileReference; lastKnownFileType = text.plist.xml; path = Info.plist; sourceTree = "<group>"; };
		6EC5909E23F7FB170085F78B /* explode.sks */ = {isa = PBXFileReference; lastKnownFileType = file.sks; path = explode.sks; sourceTree = "<group>"; };
		6EC5909F23F7FB170085F78B /* fuse.sks */ = {isa = PBXFileReference; lastKnownFileType = file.sks; path = fuse.sks; sourceTree = "<group>"; };
/* End PBXFileReference section */

/* Begin PBXFrameworksBuildPhase section */
		6EC5908023F7FADC0085F78B /* Frameworks */ = {
			isa = PBXFrameworksBuildPhase;
			buildActionMask = 2147483647;
			files = (
			);
			runOnlyForDeploymentPostprocessing = 0;
		};
/* End PBXFrameworksBuildPhase section */

/* Begin PBXGroup section */
		6EC5907A23F7FADB0085F78B = {
			isa = PBXGroup;
			children = (
				6EC5908523F7FADC0085F78B /* Project 20 */,
				6EC5908423F7FADC0085F78B /* Products */,
			);
			sourceTree = "<group>";
		};
		6EC5908423F7FADC0085F78B /* Products */ = {
			isa = PBXGroup;
			children = (
				6EC5908323F7FADC0085F78B /* Project 20.app */,
			);
			name = Products;
			sourceTree = "<group>";
		};
		6EC5908523F7FADC0085F78B /* Project 20 */ = {
			isa = PBXGroup;
			children = (
				6EC5908623F7FADC0085F78B /* AppDelegate.swift */,
				6EC5908823F7FADC0085F78B /* GameScene.sks */,
				6EC5908C23F7FADC0085F78B /* GameScene.swift */,
				6EC5908E23F7FADC0085F78B /* GameViewController.swift */,
				6EC5909023F7FADC0085F78B /* Main.storyboard */,
				6EC5909323F7FADD0085F78B /* Assets.xcassets */,
				6EC5909523F7FADD0085F78B /* LaunchScreen.storyboard */,
				6EC5909823F7FADD0085F78B /* Info.plist */,
				6EC5909E23F7FB170085F78B /* explode.sks */,
				6EC5909F23F7FB170085F78B /* fuse.sks */,
			);
			path = "Project 20";
			sourceTree = "<group>";
		};
/* End PBXGroup section */

/* Begin PBXNativeTarget section */
		6EC5908223F7FADC0085F78B /* Project 20 */ = {
			isa = PBXNativeTarget;
			buildConfigurationList = 6EC5909B23F7FADD0085F78B /* Build configuration list for PBXNativeTarget "Project 20" */;
			buildPhases = (
				6EC5907F23F7FADC0085F78B /* Sources */,
				6EC5908023F7FADC0085F78B /* Frameworks */,
				6EC5908123F7FADC0085F78B /* Resources */,
			);
			buildRules = (
			);
			dependencies = (
			);
			name = "Project 20";
			productName = "Project 20";
			productReference = 6EC5908323F7FADC0085F78B /* Project 20.app */;
			productType = "com.apple.product-type.application";
		};
/* End PBXNativeTarget section */

/* Begin PBXProject section */
		6EC5907B23F7FADB0085F78B /* Project object */ = {
			isa = PBXProject;
			attributes = {
				LastSwiftUpdateCheck = 1130;
				LastUpgradeCheck = 1130;
				ORGANIZATIONNAME = "Mark LEDOUX ";
				TargetAttributes = {
					6EC5908223F7FADC0085F78B = {
						CreatedOnToolsVersion = 11.3.1;
					};
				};
			};
			buildConfigurationList = 6EC5907E23F7FADC0085F78B /* Build configuration list for PBXProject "Project 20" */;
			compatibilityVersion = "Xcode 9.3";
			developmentRegion = en;
			hasScannedForEncodings = 0;
			knownRegions = (
				en,
				Base,
			);
			mainGroup = 6EC5907A23F7FADB0085F78B;
			productRefGroup = 6EC5908423F7FADC0085F78B /* Products */;
			projectDirPath = "";
			projectRoot = "";
			targets = (
				6EC5908223F7FADC0085F78B /* Project 20 */,
			);
		};
/* End PBXProject section */

/* Begin PBXResourcesBuildPhase section */
		6EC5908123F7FADC0085F78B /* Resources */ = {
			isa = PBXResourcesBuildPhase;
			buildActionMask = 2147483647;
			files = (
				6EC5909223F7FADC0085F78B /* Main.storyboard in Resources */,
				6EC5908923F7FADC0085F78B /* GameScene.sks in Resources */,
				6EC5909423F7FADD0085F78B /* Assets.xcassets in Resources */,
				6EC5909723F7FADD0085F78B /* LaunchScreen.storyboard in Resources */,
				6EC590A123F7FB170085F78B /* fuse.sks in Resources */,
				6EC590A023F7FB170085F78B /* explode.sks in Resources */,
			);
			runOnlyForDeploymentPostprocessing = 0;
		};
/* End PBXResourcesBuildPhase section */

/* Begin PBXSourcesBuildPhase section */
		6EC5907F23F7FADC0085F78B /* Sources */ = {
			isa = PBXSourcesBuildPhase;
			buildActionMask = 2147483647;
			files = (
				6EC5908D23F7FADC0085F78B /* GameScene.swift in Sources */,
				6EC5908F23F7FADC0085F78B /* GameViewController.swift in Sources */,
				6EC5908723F7FADC0085F78B /* AppDelegate.swift in Sources */,
			);
			runOnlyForDeploymentPostprocessing = 0;
		};
/* End PBXSourcesBuildPhase section */

/* Begin PBXVariantGroup section */
		6EC5909023F7FADC0085F78B /* Main.storyboard */ = {
			isa = PBXVariantGroup;
			children = (
				6EC5909123F7FADC0085F78B /* Base */,
			);
			name = Main.storyboard;
			sourceTree = "<group>";
		};
		6EC5909523F7FADD0085F78B /* LaunchScreen.storyboard */ = {
			isa = PBXVariantGroup;
			children = (
				6EC5909623F7FADD0085F78B /* Base */,
			);
			name = LaunchScreen.storyboard;
			sourceTree = "<group>";
		};
/* End PBXVariantGroup section */

/* Begin XCBuildConfiguration section */
		6EC5909923F7FADD0085F78B /* Debug */ = {
			isa = XCBuildConfiguration;
			buildSettings = {
				ALWAYS_SEARCH_USER_PATHS = NO;
				CLANG_ANALYZER_NONNULL = YES;
				CLANG_ANALYZER_NUMBER_OBJECT_CONVERSION = YES_AGGRESSIVE;
				CLANG_CXX_LANGUAGE_STANDARD = "gnu++14";
				CLANG_CXX_LIBRARY = "libc++";
				CLANG_ENABLE_MODULES = YES;
				CLANG_ENABLE_OBJC_ARC = YES;
				CLANG_ENABLE_OBJC_WEAK = YES;
				CLANG_WARN_BLOCK_CAPTURE_AUTORELEASING = YES;
				CLANG_WARN_BOOL_CONVERSION = YES;
				CLANG_WARN_COMMA = YES;
				CLANG_WARN_CONSTANT_CONVERSION = YES;
				CLANG_WARN_DEPRECATED_OBJC_IMPLEMENTATIONS = YES;
				CLANG_WARN_DIRECT_OBJC_ISA_USAGE = YES_ERROR;
				CLANG_WARN_DOCUMENTATION_COMMENTS = YES;
				CLANG_WARN_EMPTY_BODY = YES;
				CLANG_WARN_ENUM_CONVERSION = YES;
				CLANG_WARN_INFINITE_RECURSION = YES;
				CLANG_WARN_INT_CONVERSION = YES;
				CLANG_WARN_NON_LITERAL_NULL_CONVERSION = YES;
				CLANG_WARN_OBJC_IMPLICIT_RETAIN_SELF = YES;
				CLANG_WARN_OBJC_LITERAL_CONVERSION = YES;
				CLANG_WARN_OBJC_ROOT_CLASS = YES_ERROR;
				CLANG_WARN_RANGE_LOOP_ANALYSIS = YES;
				CLANG_WARN_STRICT_PROTOTYPES = YES;
				CLANG_WARN_SUSPICIOUS_MOVE = YES;
				CLANG_WARN_UNGUARDED_AVAILABILITY = YES_AGGRESSIVE;
				CLANG_WARN_UNREACHABLE_CODE = YES;
				CLANG_WARN__DUPLICATE_METHOD_MATCH = YES;
				COPY_PHASE_STRIP = NO;
				DEBUG_INFORMATION_FORMAT = dwarf;
				ENABLE_STRICT_OBJC_MSGSEND = YES;
				ENABLE_TESTABILITY = YES;
				GCC_C_LANGUAGE_STANDARD = gnu11;
				GCC_DYNAMIC_NO_PIC = NO;
				GCC_NO_COMMON_BLOCKS = YES;
				GCC_OPTIMIZATION_LEVEL = 0;
				GCC_PREPROCESSOR_DEFINITIONS = (
					"DEBUG=1",
					"$(inherited)",
				);
				GCC_WARN_64_TO_32_BIT_CONVERSION = YES;
				GCC_WARN_ABOUT_RETURN_TYPE = YES_ERROR;
				GCC_WARN_UNDECLARED_SELECTOR = YES;
				GCC_WARN_UNINITIALIZED_AUTOS = YES_AGGRESSIVE;
				GCC_WARN_UNUSED_FUNCTION = YES;
				GCC_WARN_UNUSED_VARIABLE = YES;
				IPHONEOS_DEPLOYMENT_TARGET = 13.2;
				MTL_ENABLE_DEBUG_INFO = INCLUDE_SOURCE;
				MTL_FAST_MATH = YES;
				ONLY_ACTIVE_ARCH = YES;
				SDKROOT = iphoneos;
				SWIFT_ACTIVE_COMPILATION_CONDITIONS = DEBUG;
				SWIFT_OPTIMIZATION_LEVEL = "-Onone";
			};
			name = Debug;
		};
		6EC5909A23F7FADD0085F78B /* Release */ = {
			isa = XCBuildConfiguration;
			buildSettings = {
				ALWAYS_SEARCH_USER_PATHS = NO;
				CLANG_ANALYZER_NONNULL = YES;
				CLANG_ANALYZER_NUMBER_OBJECT_CONVERSION = YES_AGGRESSIVE;
				CLANG_CXX_LANGUAGE_STANDARD = "gnu++14";
				CLANG_CXX_LIBRARY = "libc++";
				CLANG_ENABLE_MODULES = YES;
				CLANG_ENABLE_OBJC_ARC = YES;
				CLANG_ENABLE_OBJC_WEAK = YES;
				CLANG_WARN_BLOCK_CAPTURE_AUTORELEASING = YES;
				CLANG_WARN_BOOL_CONVERSION = YES;
				CLANG_WARN_COMMA = YES;
				CLANG_WARN_CONSTANT_CONVERSION = YES;
				CLANG_WARN_DEPRECATED_OBJC_IMPLEMENTATIONS = YES;
				CLANG_WARN_DIRECT_OBJC_ISA_USAGE = YES_ERROR;
				CLANG_WARN_DOCUMENTATION_COMMENTS = YES;
				CLANG_WARN_EMPTY_BODY = YES;
				CLANG_WARN_ENUM_CONVERSION = YES;
				CLANG_WARN_INFINITE_RECURSION = YES;
				CLANG_WARN_INT_CONVERSION = YES;
				CLANG_WARN_NON_LITERAL_NULL_CONVERSION = YES;
				CLANG_WARN_OBJC_IMPLICIT_RETAIN_SELF = YES;
				CLANG_WARN_OBJC_LITERAL_CONVERSION = YES;
				CLANG_WARN_OBJC_ROOT_CLASS = YES_ERROR;
				CLANG_WARN_RANGE_LOOP_ANALYSIS = YES;
				CLANG_WARN_STRICT_PROTOTYPES = YES;
				CLANG_WARN_SUSPICIOUS_MOVE = YES;
				CLANG_WARN_UNGUARDED_AVAILABILITY = YES_AGGRESSIVE;
				CLANG_WARN_UNREACHABLE_CODE = YES;
				CLANG_WARN__DUPLICATE_METHOD_MATCH = YES;
				COPY_PHASE_STRIP = NO;
				DEBUG_INFORMATION_FORMAT = "dwarf-with-dsym";
				ENABLE_NS_ASSERTIONS = NO;
				ENABLE_STRICT_OBJC_MSGSEND = YES;
				GCC_C_LANGUAGE_STANDARD = gnu11;
				GCC_NO_COMMON_BLOCKS = YES;
				GCC_WARN_64_TO_32_BIT_CONVERSION = YES;
				GCC_WARN_ABOUT_RETURN_TYPE = YES_ERROR;
				GCC_WARN_UNDECLARED_SELECTOR = YES;
				GCC_WARN_UNINITIALIZED_AUTOS = YES_AGGRESSIVE;
				GCC_WARN_UNUSED_FUNCTION = YES;
				GCC_WARN_UNUSED_VARIABLE = YES;
				IPHONEOS_DEPLOYMENT_TARGET = 13.2;
				MTL_ENABLE_DEBUG_INFO = NO;
				MTL_FAST_MATH = YES;
				SDKROOT = iphoneos;
				SWIFT_COMPILATION_MODE = wholemodule;
				SWIFT_OPTIMIZATION_LEVEL = "-O";
				VALIDATE_PRODUCT = YES;
			};
			name = Release;
		};
		6EC5909C23F7FADD0085F78B /* Debug */ = {
			isa = XCBuildConfiguration;
			buildSettings = {
				ASSETCATALOG_COMPILER_APPICON_NAME = AppIcon;
				CODE_SIGN_STYLE = Automatic;
				DEVELOPMENT_TEAM = L6369QJ9JH;
				INFOPLIST_FILE = "Project 20/Info.plist";
				LD_RUNPATH_SEARCH_PATHS = (
					"$(inherited)",
					"@executable_path/Frameworks",
				);
				PRODUCT_BUNDLE_IDENTIFIER = "com.vinceled.Project-20";
				PRODUCT_NAME = "$(TARGET_NAME)";
				SWIFT_VERSION = 5.0;
				TARGETED_DEVICE_FAMILY = 2;
			};
			name = Debug;
		};
		6EC5909D23F7FADD0085F78B /* Release */ = {
			isa = XCBuildConfiguration;
			buildSettings = {
				ASSETCATALOG_COMPILER_APPICON_NAME = AppIcon;
				CODE_SIGN_STYLE = Automatic;
				DEVELOPMENT_TEAM = L6369QJ9JH;
				INFOPLIST_FILE = "Project 20/Info.plist";
				LD_RUNPATH_SEARCH_PATHS = (
					"$(inherited)",
					"@executable_path/Frameworks",
				);
				PRODUCT_BUNDLE_IDENTIFIER = "com.vinceled.Project-20";
				PRODUCT_NAME = "$(TARGET_NAME)";
				SWIFT_VERSION = 5.0;
				TARGETED_DEVICE_FAMILY = 2;
			};
			name = Release;
		};
/* End XCBuildConfiguration section */

/* Begin XCConfigurationList section */
		6EC5907E23F7FADC0085F78B /* Build configuration list for PBXProject "Project 20" */ = {
			isa = XCConfigurationList;
			buildConfigurations = (
				6EC5909923F7FADD0085F78B /* Debug */,
				6EC5909A23F7FADD0085F78B /* Release */,
			);
			defaultConfigurationIsVisible = 0;
			defaultConfigurationName = Release;
		};
		6EC5909B23F7FADD0085F78B /* Build configuration list for PBXNativeTarget "Project 20" */ = {
			isa = XCConfigurationList;
			buildConfigurations = (
				6EC5909C23F7FADD0085F78B /* Debug */,
				6EC5909D23F7FADD0085F78B /* Release */,
			);
			defaultConfigurationIsVisible = 0;
			defaultConfigurationName = Release;
		};
/* End XCConfigurationList section */
	};
	rootObject = 6EC5907B23F7FADB0085F78B /* Project object */;
}
